
Microsoft Visual Studio Solution File, Format Version 12.00
# Visual Studio Version 17
VisualStudioVersion = 17.14.36414.22 d17.14
MinimumVisualStudioVersion = 10.0.40219.1
Project("{FAE04EC0-301F-11D3-BF4B-00C04F79EFBC}") = "INF04-2023-czerwiec-desktopApp", "INF04-2023-czerwiec-desktopApp.csproj", "{1699E054-B560-4179-8509-BC93C08CE937}"
EndProject
Global
	GlobalSection(SolutionConfigurationPlatforms) = preSolution
		Debug|Any CPU = Debug|Any CPU
		Release|Any CPU = Release|Any CPU
	EndGlobalSection
	GlobalSection(ProjectConfigurationPlatforms) = postSolution
		{1699E054-B560-4179-8509-BC93C08CE937}.Debug|Any CPU.ActiveCfg = Debug|Any CPU
		{1699E054-B560-4179-8509-BC93C08CE937}.Debug|Any CPU.Build.0 = Debug|Any CPU
		{1699E054-B560-4179-8509-BC93C08CE937}.Debug|Any CPU.Deploy.0 = Debug|Any CPU
		{1699E054-B560-4179-8509-BC93C08CE937}.Release|Any CPU.ActiveCfg = Release|Any CPU
		{1699E054-B560-4179-8509-BC93C08CE937}.Release|Any CPU.Build.0 = Release|Any CPU
		{1699E054-B560-4179-8509-BC93C08CE937}.Release|Any CPU.Deploy.0 = Release|Any CPU
	EndGlobalSection
	GlobalSection(SolutionProperties) = preSolution
		HideSolutionNode = FALSE
	EndGlobalSection
	GlobalSection(ExtensibilityGlobals) = postSolution
		SolutionGuid = {2A93ED74-6938-41D0-98EE-8D24C443E336}
	EndGlobalSection
EndGlobal
